
Microsoft Visual Studio Solution File, Format Version 12.00
# Visual Studio Version 17
VisualStudioVersion = 17.4.32804.182
MinimumVisualStudioVersion = 10.0.40219.1
Project("{FAE04EC0-301F-11D3-BF4B-00C04F79EFBC}") = "Toko Pakaian", "Toko Pakaian.csproj", "{1AA9C420-A276-43E5-A6B6-AA9FC1EBF789}"
EndProject
Global
	GlobalSection(SolutionConfigurationPlatforms) = preSolution
		Debug|Any CPU = Debug|Any CPU
		Release|Any CPU = Release|Any CPU
	EndGlobalSection
	GlobalSection(ProjectConfigurationPlatforms) = postSolution
		{1AA9C420-A276-43E5-A6B6-AA9FC1EBF789}.Debug|Any CPU.ActiveCfg = Debug|Any CPU
		{1AA9C420-A276-43E5-A6B6-AA9FC1EBF789}.Debug|Any CPU.Build.0 = Debug|Any CPU
		{1AA9C420-A276-43E5-A6B6-AA9FC1EBF789}.Release|Any CPU.ActiveCfg = Release|Any CPU
		{1AA9C420-A276-43E5-A6B6-AA9FC1EBF789}.Release|Any CPU.Build.0 = Release|Any CPU
	EndGlobalSection
	GlobalSection(SolutionProperties) = preSolution
		HideSolutionNode = FALSE
	EndGlobalSection
	GlobalSection(ExtensibilityGlobals) = postSolution
		SolutionGuid = {0D27F616-DBCE-4842-9426-1371E0EFEF5B}
	EndGlobalSection
EndGlobal
